
Microsoft Visual Studio Solution File, Format Version 12.00
# Visual Studio Version 16
VisualStudioVersion = 16.0.30611.23
MinimumVisualStudioVersion = 10.0.40219.1
Project("{FAE04EC0-301F-11D3-BF4B-00C04F79EFBC}") = "CuaHangTapHoa.WinForm", "CuaHangTapHoa.WinForm\CuaHangTapHoa.WinForm.csproj", "{C22471FB-B012-448C-AC53-FE96D8D118F2}"
EndProject
Global
	GlobalSection(SolutionConfigurationPlatforms) = preSolution
		Debug|Any CPU = Debug|Any CPU
		Release|Any CPU = Release|Any CPU
	EndGlobalSection
	GlobalSection(ProjectConfigurationPlatforms) = postSolution
		{C22471FB-B012-448C-AC53-FE96D8D118F2}.Debug|Any CPU.ActiveCfg = Debug|Any CPU
		{C22471FB-B012-448C-AC53-FE96D8D118F2}.Debug|Any CPU.Build.0 = Debug|Any CPU
		{C22471FB-B012-448C-AC53-FE96D8D118F2}.Release|Any CPU.ActiveCfg = Release|Any CPU
		{C22471FB-B012-448C-AC53-FE96D8D118F2}.Release|Any CPU.Build.0 = Release|Any CPU
	EndGlobalSection
	GlobalSection(SolutionProperties) = preSolution
		HideSolutionNode = FALSE
	EndGlobalSection
	GlobalSection(ExtensibilityGlobals) = postSolution
		SolutionGuid = {8D78DFDF-B159-4744-ADF3-5845F888E62A}
	EndGlobalSection
EndGlobal
